// !$*UTF8*$!
{
	archiveVersion = 1;
	classes = {
	};
	objectVersion = 55;
	objects = {

/* Begin PBXBuildFile section */
		33692DF2F6B5A155C83C5A04 /* Pods_AnimationGenerator.framework in Frameworks */ = {isa = PBXBuildFile; fileRef = F57081052953AE6092D0C539 /* Pods_AnimationGenerator.framework */; };
		43817AC328BBE9DB00AC1F09 /* AppDelegate.swift in Sources */ = {isa = PBXBuildFile; fileRef = 43817AC228BBE9DB00AC1F09 /* AppDelegate.swift */; };
		43817AC528BBE9DB00AC1F09 /* SceneDelegate.swift in Sources */ = {isa = PBXBuildFile; fileRef = 43817AC428BBE9DB00AC1F09 /* SceneDelegate.swift */; };
		43817AC728BBE9DB00AC1F09 /* AnimateGeneretorViewController.swift in Sources */ = {isa = PBXBuildFile; fileRef = 43817AC628BBE9DB00AC1F09 /* AnimateGeneretorViewController.swift */; };
		43817ACA28BBE9DB00AC1F09 /* Main.storyboard in Resources */ = {isa = PBXBuildFile; fileRef = 43817AC828BBE9DB00AC1F09 /* Main.storyboard */; };
		43817ACC28BBE9DC00AC1F09 /* Assets.xcassets in Resources */ = {isa = PBXBuildFile; fileRef = 43817ACB28BBE9DC00AC1F09 /* Assets.xcassets */; };
		43817ACF28BBE9DC00AC1F09 /* LaunchScreen.storyboard in Resources */ = {isa = PBXBuildFile; fileRef = 43817ACD28BBE9DC00AC1F09 /* LaunchScreen.storyboard */; };
		43817AD728BBEA2800AC1F09 /* AnimationModel.swift in Sources */ = {isa = PBXBuildFile; fileRef = 43817AD628BBEA2700AC1F09 /* AnimationModel.swift */; };
		43817ADE28BBEBFE00AC1F09 /* DataManager.swift in Sources */ = {isa = PBXBuildFile; fileRef = 43817ADD28BBEBFE00AC1F09 /* DataManager.swift */; };
/* End PBXBuildFile section */

/* Begin PBXFileReference section */
		24320243E071CD8AA8778102 /* Pods-AnimationGenerator.debug.xcconfig */ = {isa = PBXFileReference; includeInIndex = 1; lastKnownFileType = text.xcconfig; name = "Pods-AnimationGenerator.debug.xcconfig"; path = "Target Support Files/Pods-AnimationGenerator/Pods-AnimationGenerator.debug.xcconfig"; sourceTree = "<group>"; };
		43817ABF28BBE9DB00AC1F09 /* AnimationGenerator.app */ = {isa = PBXFileReference; explicitFileType = wrapper.application; includeInIndex = 0; path = AnimationGenerator.app; sourceTree = BUILT_PRODUCTS_DIR; };
		43817AC228BBE9DB00AC1F09 /* AppDelegate.swift */ = {isa = PBXFileReference; lastKnownFileType = sourcecode.swift; path = AppDelegate.swift; sourceTree = "<group>"; };
		43817AC428BBE9DB00AC1F09 /* SceneDelegate.swift */ = {isa = PBXFileReference; lastKnownFileType = sourcecode.swift; path = SceneDelegate.swift; sourceTree = "<group>"; };
		43817AC628BBE9DB00AC1F09 /* AnimateGeneretorViewController.swift */ = {isa = PBXFileReference; lastKnownFileType = sourcecode.swift; path = AnimateGeneretorViewController.swift; sourceTree = "<group>"; };
		43817AC928BBE9DB00AC1F09 /* Base */ = {isa = PBXFileReference; lastKnownFileType = file.storyboard; name = Base; path = Base.lproj/Main.storyboard; sourceTree = "<group>"; };
		43817ACB28BBE9DC00AC1F09 /* Assets.xcassets */ = {isa = PBXFileReference; lastKnownFileType = folder.assetcatalog; path = Assets.xcassets; sourceTree = "<group>"; };
		43817ACE28BBE9DC00AC1F09 /* Base */ = {isa = PBXFileReference; lastKnownFileType = file.storyboard; name = Base; path = Base.lproj/LaunchScreen.storyboard; sourceTree = "<group>"; };
		43817AD028BBE9DC00AC1F09 /* Info.plist */ = {isa = PBXFileReference; lastKnownFileType = text.plist.xml; path = Info.plist; sourceTree = "<group>"; };
		43817AD628BBEA2700AC1F09 /* AnimationModel.swift */ = {isa = PBXFileReference; lastKnownFileType = sourcecode.swift; path = AnimationModel.swift; sourceTree = "<group>"; };
		43817ADD28BBEBFE00AC1F09 /* DataManager.swift */ = {isa = PBXFileReference; lastKnownFileType = sourcecode.swift; path = DataManager.swift; sourceTree = "<group>"; };
		BDBA0A787139D4C11EDA7401 /* Pods-AnimationGenerator.release.xcconfig */ = {isa = PBXFileReference; includeInIndex = 1; lastKnownFileType = text.xcconfig; name = "Pods-AnimationGenerator.release.xcconfig"; path = "Target Support Files/Pods-AnimationGenerator/Pods-AnimationGenerator.release.xcconfig"; sourceTree = "<group>"; };
		F57081052953AE6092D0C539 /* Pods_AnimationGenerator.framework */ = {isa = PBXFileReference; explicitFileType = wrapper.framework; includeInIndex = 0; path = Pods_AnimationGenerator.framework; sourceTree = BUILT_PRODUCTS_DIR; };
/* End PBXFileReference section */

/* Begin PBXFrameworksBuildPhase section */
		43817ABC28BBE9DB00AC1F09 /* Frameworks */ = {
			isa = PBXFrameworksBuildPhase;
			buildActionMask = 2147483647;
			files = (
				33692DF2F6B5A155C83C5A04 /* Pods_AnimationGenerator.framework in Frameworks */,
			);
			runOnlyForDeploymentPostprocessing = 0;
		};
/* End PBXFrameworksBuildPhase section */

/* Begin PBXGroup section */
		43817AB628BBE9DB00AC1F09 = {
			isa = PBXGroup;
			children = (
				43817AC128BBE9DB00AC1F09 /* AnimationGenerator */,
				43817AC028BBE9DB00AC1F09 /* Products */,
				E8FF83731310410B55BAC863 /* Pods */,
				C7086CE58276187C451CFD97 /* Frameworks */,
			);
			sourceTree = "<group>";
		};
		43817AC028BBE9DB00AC1F09 /* Products */ = {
			isa = PBXGroup;
			children = (
				43817ABF28BBE9DB00AC1F09 /* AnimationGenerator.app */,
			);
			name = Products;
			sourceTree = "<group>";
		};
		43817AC128BBE9DB00AC1F09 /* AnimationGenerator */ = {
			isa = PBXGroup;
			children = (
				43817ADC28BBEABF00AC1F09 /* StoryBoards */,
				43817AD828BBEA2F00AC1F09 /* Models */,
				43817AD928BBEA5A00AC1F09 /* App */,
				43817ADA28BBEA9F00AC1F09 /* ViewControllers */,
				43817ADB28BBEAAE00AC1F09 /* Resources */,
				43817ADF28BBEC0200AC1F09 /* Services */,
			);
			path = AnimationGenerator;
			sourceTree = "<group>";
		};
		43817AD828BBEA2F00AC1F09 /* Models */ = {
			isa = PBXGroup;
			children = (
				43817AD628BBEA2700AC1F09 /* AnimationModel.swift */,
			);
			path = Models;
			sourceTree = "<group>";
		};
		43817AD928BBEA5A00AC1F09 /* App */ = {
			isa = PBXGroup;
			children = (
				43817AC428BBE9DB00AC1F09 /* SceneDelegate.swift */,
				43817AC228BBE9DB00AC1F09 /* AppDelegate.swift */,
				43817AD028BBE9DC00AC1F09 /* Info.plist */,
			);
			path = App;
			sourceTree = "<group>";
		};
		43817ADA28BBEA9F00AC1F09 /* ViewControllers */ = {
			isa = PBXGroup;
			children = (
				43817AC628BBE9DB00AC1F09 /* AnimateGeneretorViewController.swift */,
			);
			path = ViewControllers;
			sourceTree = "<group>";
		};
		43817ADB28BBEAAE00AC1F09 /* Resources */ = {
			isa = PBXGroup;
			children = (
				43817ACB28BBE9DC00AC1F09 /* Assets.xcassets */,
			);
			path = Resources;
			sourceTree = "<group>";
		};
		43817ADC28BBEABF00AC1F09 /* StoryBoards */ = {
			isa = PBXGroup;
			children = (
				43817AC828BBE9DB00AC1F09 /* Main.storyboard */,
				43817ACD28BBE9DC00AC1F09 /* LaunchScreen.storyboard */,
			);
			path = StoryBoards;
			sourceTree = "<group>";
		};
		43817ADF28BBEC0200AC1F09 /* Services */ = {
			isa = PBXGroup;
			children = (
				43817ADD28BBEBFE00AC1F09 /* DataManager.swift */,
			);
			path = Services;
			sourceTree = "<group>";
		};
		C7086CE58276187C451CFD97 /* Frameworks */ = {
			isa = PBXGroup;
			children = (
				F57081052953AE6092D0C539 /* Pods_AnimationGenerator.framework */,
			);
			name = Frameworks;
			sourceTree = "<group>";
		};
		E8FF83731310410B55BAC863 /* Pods */ = {
			isa = PBXGroup;
			children = (
				24320243E071CD8AA8778102 /* Pods-AnimationGenerator.debug.xcconfig */,
				BDBA0A787139D4C11EDA7401 /* Pods-AnimationGenerator.release.xcconfig */,
			);
			name = Pods;
			path = Pods;
			sourceTree = "<group>";
		};
/* End PBXGroup section */

/* Begin PBXNativeTarget section */
		43817ABE28BBE9DB00AC1F09 /* AnimationGenerator */ = {
			isa = PBXNativeTarget;
			buildConfigurationList = 43817AD328BBE9DC00AC1F09 /* Build configuration list for PBXNativeTarget "AnimationGenerator" */;
			buildPhases = (
				52D4BFBEA23A94324C32C7D7 /* [CP] Check Pods Manifest.lock */,
				43817ABB28BBE9DB00AC1F09 /* Sources */,
				43817ABC28BBE9DB00AC1F09 /* Frameworks */,
				43817ABD28BBE9DB00AC1F09 /* Resources */,
				64604695AE293BEBACC5CD1C /* [CP] Embed Pods Frameworks */,
			);
			buildRules = (
			);
			dependencies = (
			);
			name = AnimationGenerator;
			productName = AnimationGenerator;
			productReference = 43817ABF28BBE9DB00AC1F09 /* AnimationGenerator.app */;
			productType = "com.apple.product-type.application";
		};
/* End PBXNativeTarget section */

/* Begin PBXProject section */
		43817AB728BBE9DB00AC1F09 /* Project object */ = {
			isa = PBXProject;
			attributes = {
				BuildIndependentTargetsInParallel = 1;
				LastSwiftUpdateCheck = 1340;
				LastUpgradeCheck = 1340;
				TargetAttributes = {
					43817ABE28BBE9DB00AC1F09 = {
						CreatedOnToolsVersion = 13.4.1;
					};
				};
			};
			buildConfigurationList = 43817ABA28BBE9DB00AC1F09 /* Build configuration list for PBXProject "AnimationGenerator" */;
			compatibilityVersion = "Xcode 13.0";
			developmentRegion = en;
			hasScannedForEncodings = 0;
			knownRegions = (
				en,
				Base,
			);
			mainGroup = 43817AB628BBE9DB00AC1F09;
			productRefGroup = 43817AC028BBE9DB00AC1F09 /* Products */;
			projectDirPath = "";
			projectRoot = "";
			targets = (
				43817ABE28BBE9DB00AC1F09 /* AnimationGenerator */,
			);
		};
/* End PBXProject section */

/* Begin PBXResourcesBuildPhase section */
		43817ABD28BBE9DB00AC1F09 /* Resources */ = {
			isa = PBXResourcesBuildPhase;
			buildActionMask = 2147483647;
			files = (
				43817ACF28BBE9DC00AC1F09 /* LaunchScreen.storyboard in Resources */,
				43817ACC28BBE9DC00AC1F09 /* Assets.xcassets in Resources */,
				43817ACA28BBE9DB00AC1F09 /* Main.storyboard in Resources */,
			);
			runOnlyForDeploymentPostprocessing = 0;
		};
/* End PBXResourcesBuildPhase section */

/* Begin PBXShellScriptBuildPhase section */
		52D4BFBEA23A94324C32C7D7 /* [CP] Check Pods Manifest.lock */ = {
			isa = PBXShellScriptBuildPhase;
			buildActionMask = 2147483647;
			files = (
			);
			inputFileListPaths = (
			);
			inputPaths = (
				"${PODS_PODFILE_DIR_PATH}/Podfile.lock",
				"${PODS_ROOT}/Manifest.lock",
			);
			name = "[CP] Check Pods Manifest.lock";
			outputFileListPaths = (
			);
			outputPaths = (
				"$(DERIVED_FILE_DIR)/Pods-AnimationGenerator-checkManifestLockResult.txt",
			);
			runOnlyForDeploymentPostprocessing = 0;
			shellPath = /bin/sh;
			shellScript = "diff \"${PODS_PODFILE_DIR_PATH}/Podfile.lock\" \"${PODS_ROOT}/Manifest.lock\" > /dev/null\nif [ $? != 0 ] ; then\n    # print error to STDERR\n    echo \"error: The sandbox is not in sync with the Podfile.lock. Run 'pod install' or update your CocoaPods installation.\" >&2\n    exit 1\nfi\n# This output is used by Xcode 'outputs' to avoid re-running this script phase.\necho \"SUCCESS\" > \"${SCRIPT_OUTPUT_FILE_0}\"\n";
			showEnvVarsInLog = 0;
		};
		64604695AE293BEBACC5CD1C /* [CP] Embed Pods Frameworks */ = {
			isa = PBXShellScriptBuildPhase;
			buildActionMask = 2147483647;
			files = (
			);
			inputFileListPaths = (
				"${PODS_ROOT}/Target Support Files/Pods-AnimationGenerator/Pods-AnimationGenerator-frameworks-${CONFIGURATION}-input-files.xcfilelist",
			);
			name = "[CP] Embed Pods Frameworks";
			outputFileListPaths = (
				"${PODS_ROOT}/Target Support Files/Pods-AnimationGenerator/Pods-AnimationGenerator-frameworks-${CONFIGURATION}-output-files.xcfilelist",
			);
			runOnlyForDeploymentPostprocessing = 0;
			shellPath = /bin/sh;
			shellScript = "\"${PODS_ROOT}/Target Support Files/Pods-AnimationGenerator/Pods-AnimationGenerator-frameworks.sh\"\n";
			showEnvVarsInLog = 0;
		};
/* End PBXShellScriptBuildPhase section */

/* Begin PBXSourcesBuildPhase section */
		43817ABB28BBE9DB00AC1F09 /* Sources */ = {
			isa = PBXSourcesBuildPhase;
			buildActionMask = 2147483647;
			files = (
				43817AD728BBEA2800AC1F09 /* AnimationModel.swift in Sources */,
				43817ADE28BBEBFE00AC1F09 /* DataManager.swift in Sources */,
				43817AC728BBE9DB00AC1F09 /* AnimateGeneretorViewController.swift in Sources */,
				43817AC328BBE9DB00AC1F09 /* AppDelegate.swift in Sources */,
				43817AC528BBE9DB00AC1F09 /* SceneDelegate.swift in Sources */,
			);
			runOnlyForDeploymentPostprocessing = 0;
		};
/* End PBXSourcesBuildPhase section */

/* Begin PBXVariantGroup section */
		43817AC828BBE9DB00AC1F09 /* Main.storyboard */ = {
			isa = PBXVariantGroup;
			children = (
				43817AC928BBE9DB00AC1F09 /* Base */,
			);
			name = Main.storyboard;
			sourceTree = "<group>";
		};
		43817ACD28BBE9DC00AC1F09 /* LaunchScreen.storyboard */ = {
			isa = PBXVariantGroup;
			children = (
				43817ACE28BBE9DC00AC1F09 /* Base */,
			);
			name = LaunchScreen.storyboard;
			sourceTree = "<group>";
		};
/* End PBXVariantGroup section */

/* Begin XCBuildConfiguration section */
		43817AD128BBE9DC00AC1F09 /* Debug */ = {
			isa = XCBuildConfiguration;
			buildSettings = {
				ALWAYS_SEARCH_USER_PATHS = NO;
				CLANG_ANALYZER_NONNULL = YES;
				CLANG_ANALYZER_NUMBER_OBJECT_CONVERSION = YES_AGGRESSIVE;
				CLANG_CXX_LANGUAGE_STANDARD = "gnu++17";
				CLANG_ENABLE_MODULES = YES;
				CLANG_ENABLE_OBJC_ARC = YES;
				CLANG_ENABLE_OBJC_WEAK = YES;
				CLANG_WARN_BLOCK_CAPTURE_AUTORELEASING = YES;
				CLANG_WARN_BOOL_CONVERSION = YES;
				CLANG_WARN_COMMA = YES;
				CLANG_WARN_CONSTANT_CONVERSION = YES;
				CLANG_WARN_DEPRECATED_OBJC_IMPLEMENTATIONS = YES;
				CLANG_WARN_DIRECT_OBJC_ISA_USAGE = YES_ERROR;
				CLANG_WARN_DOCUMENTATION_COMMENTS = YES;
				CLANG_WARN_EMPTY_BODY = YES;
				CLANG_WARN_ENUM_CONVERSION = YES;
				CLANG_WARN_INFINITE_RECURSION = YES;
				CLANG_WARN_INT_CONVERSION = YES;
				CLANG_WARN_NON_LITERAL_NULL_CONVERSION = YES;
				CLANG_WARN_OBJC_IMPLICIT_RETAIN_SELF = YES;
				CLANG_WARN_OBJC_LITERAL_CONVERSION = YES;
				CLANG_WARN_OBJC_ROOT_CLASS = YES_ERROR;
				CLANG_WARN_QUOTED_INCLUDE_IN_FRAMEWORK_HEADER = YES;
				CLANG_WARN_RANGE_LOOP_ANALYSIS = YES;
				CLANG_WARN_STRICT_PROTOTYPES = YES;
				CLANG_WARN_SUSPICIOUS_MOVE = YES;
				CLANG_WARN_UNGUARDED_AVAILABILITY = YES_AGGRESSIVE;
				CLANG_WARN_UNREACHABLE_CODE = YES;
				CLANG_WARN__DUPLICATE_METHOD_MATCH = YES;
				COPY_PHASE_STRIP = NO;
				DEBUG_INFORMATION_FORMAT = dwarf;
				ENABLE_STRICT_OBJC_MSGSEND = YES;
				ENABLE_TESTABILITY = YES;
				GCC_C_LANGUAGE_STANDARD = gnu11;
				GCC_DYNAMIC_NO_PIC = NO;
				GCC_NO_COMMON_BLOCKS = YES;
				GCC_OPTIMIZATION_LEVEL = 0;
				GCC_PREPROCESSOR_DEFINITIONS = (
					"DEBUG=1",
					"$(inherited)",
				);
				GCC_WARN_64_TO_32_BIT_CONVERSION = YES;
				GCC_WARN_ABOUT_RETURN_TYPE = YES_ERROR;
				GCC_WARN_UNDECLARED_SELECTOR = YES;
				GCC_WARN_UNINITIALIZED_AUTOS = YES_AGGRESSIVE;
				GCC_WARN_UNUSED_FUNCTION = YES;
				GCC_WARN_UNUSED_VARIABLE = YES;
				IPHONEOS_DEPLOYMENT_TARGET = 15.5;
				MTL_ENABLE_DEBUG_INFO = INCLUDE_SOURCE;
				MTL_FAST_MATH = YES;
				ONLY_ACTIVE_ARCH = YES;
				SDKROOT = iphoneos;
				SWIFT_ACTIVE_COMPILATION_CONDITIONS = DEBUG;
				SWIFT_OPTIMIZATION_LEVEL = "-Onone";
			};
			name = Debug;
		};
		43817AD228BBE9DC00AC1F09 /* Release */ = {
			isa = XCBuildConfiguration;
			buildSettings = {
				ALWAYS_SEARCH_USER_PATHS = NO;
				CLANG_ANALYZER_NONNULL = YES;
				CLANG_ANALYZER_NUMBER_OBJECT_CONVERSION = YES_AGGRESSIVE;
				CLANG_CXX_LANGUAGE_STANDARD = "gnu++17";
				CLANG_ENABLE_MODULES = YES;
				CLANG_ENABLE_OBJC_ARC = YES;
				CLANG_ENABLE_OBJC_WEAK = YES;
				CLANG_WARN_BLOCK_CAPTURE_AUTORELEASING = YES;
				CLANG_WARN_BOOL_CONVERSION = YES;
				CLANG_WARN_COMMA = YES;
				CLANG_WARN_CONSTANT_CONVERSION = YES;
				CLANG_WARN_DEPRECATED_OBJC_IMPLEMENTATIONS = YES;
				CLANG_WARN_DIRECT_OBJC_ISA_USAGE = YES_ERROR;
				CLANG_WARN_DOCUMENTATION_COMMENTS = YES;
				CLANG_WARN_EMPTY_BODY = YES;
				CLANG_WARN_ENUM_CONVERSION = YES;
				CLANG_WARN_INFINITE_RECURSION = YES;
				CLANG_WARN_INT_CONVERSION = YES;
				CLANG_WARN_NON_LITERAL_NULL_CONVERSION = YES;
				CLANG_WARN_OBJC_IMPLICIT_RETAIN_SELF = YES;
				CLANG_WARN_OBJC_LITERAL_CONVERSION = YES;
				CLANG_WARN_OBJC_ROOT_CLASS = YES_ERROR;
				CLANG_WARN_QUOTED_INCLUDE_IN_FRAMEWORK_HEADER = YES;
				CLANG_WARN_RANGE_LOOP_ANALYSIS = YES;
				CLANG_WARN_STRICT_PROTOTYPES = YES;
				CLANG_WARN_SUSPICIOUS_MOVE = YES;
				CLANG_WARN_UNGUARDED_AVAILABILITY = YES_AGGRESSIVE;
				CLANG_WARN_UNREACHABLE_CODE = YES;
				CLANG_WARN__DUPLICATE_METHOD_MATCH = YES;
				COPY_PHASE_STRIP = NO;
				DEBUG_INFORMATION_FORMAT = "dwarf-with-dsym";
				ENABLE_NS_ASSERTIONS = NO;
				ENABLE_STRICT_OBJC_MSGSEND = YES;
				GCC_C_LANGUAGE_STANDARD = gnu11;
				GCC_NO_COMMON_BLOCKS = YES;
				GCC_WARN_64_TO_32_BIT_CONVERSION = YES;
				GCC_WARN_ABOUT_RETURN_TYPE = YES_ERROR;
				GCC_WARN_UNDECLARED_SELECTOR = YES;
				GCC_WARN_UNINITIALIZED_AUTOS = YES_AGGRESSIVE;
				GCC_WARN_UNUSED_FUNCTION = YES;
				GCC_WARN_UNUSED_VARIABLE = YES;
				IPHONEOS_DEPLOYMENT_TARGET = 15.5;
				MTL_ENABLE_DEBUG_INFO = NO;
				MTL_FAST_MATH = YES;
				SDKROOT = iphoneos;
				SWIFT_COMPILATION_MODE = wholemodule;
				SWIFT_OPTIMIZATION_LEVEL = "-O";
				VALIDATE_PRODUCT = YES;
			};
			name = Release;
		};
		43817AD428BBE9DC00AC1F09 /* Debug */ = {
			isa = XCBuildConfiguration;
			baseConfigurationReference = 24320243E071CD8AA8778102 /* Pods-AnimationGenerator.debug.xcconfig */;
			buildSettings = {
				ASSETCATALOG_COMPILER_APPICON_NAME = AppIcon;
				ASSETCATALOG_COMPILER_GLOBAL_ACCENT_COLOR_NAME = AccentColor;
				CODE_SIGN_STYLE = Automatic;
				CURRENT_PROJECT_VERSION = 1;
				DEVELOPMENT_TEAM = 5VBQ98K5MQ;
				GENERATE_INFOPLIST_FILE = YES;
				INFOPLIST_FILE = AnimationGenerator/App/Info.plist;
				INFOPLIST_KEY_UIApplicationSupportsIndirectInputEvents = YES;
				INFOPLIST_KEY_UILaunchStoryboardName = LaunchScreen;
				INFOPLIST_KEY_UIMainStoryboardFile = Main;
				INFOPLIST_KEY_UISupportedInterfaceOrientations_iPad = "UIInterfaceOrientationPortrait UIInterfaceOrientationPortraitUpsideDown UIInterfaceOrientationLandscapeLeft UIInterfaceOrientationLandscapeRight";
				INFOPLIST_KEY_UISupportedInterfaceOrientations_iPhone = "UIInterfaceOrientationPortrait UIInterfaceOrientationLandscapeLeft UIInterfaceOrientationLandscapeRight";
				LD_RUNPATH_SEARCH_PATHS = (
					"$(inherited)",
					"@executable_path/Frameworks",
				);
				MARKETING_VERSION = 1.0;
				PRODUCT_BUNDLE_IDENTIFIER = K2.AnimationGenerator;
				PRODUCT_NAME = "$(TARGET_NAME)";
				SWIFT_EMIT_LOC_STRINGS = YES;
				SWIFT_VERSION = 5.0;
				TARGETED_DEVICE_FAMILY = 1;
			};
			name = Debug;
		};
		43817AD528BBE9DC00AC1F09 /* Release */ = {
			isa = XCBuildConfiguration;
			baseConfigurationReference = BDBA0A787139D4C11EDA7401 /* Pods-AnimationGenerator.release.xcconfig */;
			buildSettings = {
				ASSETCATALOG_COMPILER_APPICON_NAME = AppIcon;
				ASSETCATALOG_COMPILER_GLOBAL_ACCENT_COLOR_NAME = AccentColor;
				CODE_SIGN_STYLE = Automatic;
				CURRENT_PROJECT_VERSION = 1;
				DEVELOPMENT_TEAM = 5VBQ98K5MQ;
				GENERATE_INFOPLIST_FILE = YES;
				INFOPLIST_FILE = AnimationGenerator/App/Info.plist;
				INFOPLIST_KEY_UIApplicationSupportsIndirectInputEvents = YES;
				INFOPLIST_KEY_UILaunchStoryboardName = LaunchScreen;
				INFOPLIST_KEY_UIMainStoryboardFile = Main;
				INFOPLIST_KEY_UISupportedInterfaceOrientations_iPad = "UIInterfaceOrientationPortrait UIInterfaceOrientationPortraitUpsideDown UIInterfaceOrientationLandscapeLeft UIInterfaceOrientationLandscapeRight";
				INFOPLIST_KEY_UISupportedInterfaceOrientations_iPhone = "UIInterfaceOrientationPortrait UIInterfaceOrientationLandscapeLeft UIInterfaceOrientationLandscapeRight";
				LD_RUNPATH_SEARCH_PATHS = (
					"$(inherited)",
					"@executable_path/Frameworks",
				);
				MARKETING_VERSION = 1.0;
				PRODUCT_BUNDLE_IDENTIFIER = K2.AnimationGenerator;
				PRODUCT_NAME = "$(TARGET_NAME)";
				SWIFT_EMIT_LOC_STRINGS = YES;
				SWIFT_VERSION = 5.0;
				TARGETED_DEVICE_FAMILY = 1;
			};
			name = Release;
		};
/* End XCBuildConfiguration section */

/* Begin XCConfigurationList section */
		43817ABA28BBE9DB00AC1F09 /* Build configuration list for PBXProject "AnimationGenerator" */ = {
			isa = XCConfigurationList;
			buildConfigurations = (
				43817AD128BBE9DC00AC1F09 /* Debug */,
				43817AD228BBE9DC00AC1F09 /* Release */,
			);
			defaultConfigurationIsVisible = 0;
			defaultConfigurationName = Release;
		};
		43817AD328BBE9DC00AC1F09 /* Build configuration list for PBXNativeTarget "AnimationGenerator" */ = {
			isa = XCConfigurationList;
			buildConfigurations = (
				43817AD428BBE9DC00AC1F09 /* Debug */,
				43817AD528BBE9DC00AC1F09 /* Release */,
			);
			defaultConfigurationIsVisible = 0;
			defaultConfigurationName = Release;
		};
/* End XCConfigurationList section */
	};
	rootObject = 43817AB728BBE9DB00AC1F09 /* Project object */;
}
